// !$*UTF8*$!
{
	archiveVersion = 1;
	classes = {
	};
	objectVersion = 55;
	objects = {

/* Begin PBXBuildFile section */
		BD92CA1F2866382900756B6B /* AppDelegate.swift in Sources */ = {isa = PBXBuildFile; fileRef = BD92CA1E2866382900756B6B /* AppDelegate.swift */; };
		BD92CA212866382900756B6B /* SceneDelegate.swift in Sources */ = {isa = PBXBuildFile; fileRef = BD92CA202866382900756B6B /* SceneDelegate.swift */; };
		BD92CA232866382900756B6B /* ViewController.swift in Sources */ = {isa = PBXBuildFile; fileRef = BD92CA222866382900756B6B /* ViewController.swift */; };
		BD92CA262866382900756B6B /* Main.storyboard in Resources */ = {isa = PBXBuildFile; fileRef = BD92CA242866382900756B6B /* Main.storyboard */; };
		BD92CA292866382900756B6B /* Core_Data_Practice.xcdatamodeld in Sources */ = {isa = PBXBuildFile; fileRef = BD92CA272866382900756B6B /* Core_Data_Practice.xcdatamodeld */; };
		BD92CA2B2866382B00756B6B /* Assets.xcassets in Resources */ = {isa = PBXBuildFile; fileRef = BD92CA2A2866382B00756B6B /* Assets.xcassets */; };
		BD92CA2E2866382B00756B6B /* LaunchScreen.storyboard in Resources */ = {isa = PBXBuildFile; fileRef = BD92CA2C2866382B00756B6B /* LaunchScreen.storyboard */; };
		BD92CA392866382B00756B6B /* Core_Data_PracticeTests.swift in Sources */ = {isa = PBXBuildFile; fileRef = BD92CA382866382B00756B6B /* Core_Data_PracticeTests.swift */; };
		BD92CA432866382B00756B6B /* Core_Data_PracticeUITests.swift in Sources */ = {isa = PBXBuildFile; fileRef = BD92CA422866382B00756B6B /* Core_Data_PracticeUITests.swift */; };
		BD92CA452866382B00756B6B /* Core_Data_PracticeUITestsLaunchTests.swift in Sources */ = {isa = PBXBuildFile; fileRef = BD92CA442866382B00756B6B /* Core_Data_PracticeUITestsLaunchTests.swift */; };
/* End PBXBuildFile section */

/* Begin PBXContainerItemProxy section */
		BD92CA352866382B00756B6B /* PBXContainerItemProxy */ = {
			isa = PBXContainerItemProxy;
			containerPortal = BD92CA132866382900756B6B /* Project object */;
			proxyType = 1;
			remoteGlobalIDString = BD92CA1A2866382900756B6B;
			remoteInfo = "Core Data Practice";
		};
		BD92CA3F2866382B00756B6B /* PBXContainerItemProxy */ = {
			isa = PBXContainerItemProxy;
			containerPortal = BD92CA132866382900756B6B /* Project object */;
			proxyType = 1;
			remoteGlobalIDString = BD92CA1A2866382900756B6B;
			remoteInfo = "Core Data Practice";
		};
/* End PBXContainerItemProxy section */

/* Begin PBXFileReference section */
		BD92CA1B2866382900756B6B /* Core Data Practice.app */ = {isa = PBXFileReference; explicitFileType = wrapper.application; includeInIndex = 0; path = "Core Data Practice.app"; sourceTree = BUILT_PRODUCTS_DIR; };
		BD92CA1E2866382900756B6B /* AppDelegate.swift */ = {isa = PBXFileReference; lastKnownFileType = sourcecode.swift; path = AppDelegate.swift; sourceTree = "<group>"; };
		BD92CA202866382900756B6B /* SceneDelegate.swift */ = {isa = PBXFileReference; lastKnownFileType = sourcecode.swift; path = SceneDelegate.swift; sourceTree = "<group>"; };
		BD92CA222866382900756B6B /* ViewController.swift */ = {isa = PBXFileReference; lastKnownFileType = sourcecode.swift; path = ViewController.swift; sourceTree = "<group>"; };
		BD92CA252866382900756B6B /* Base */ = {isa = PBXFileReference; lastKnownFileType = file.storyboard; name = Base; path = Base.lproj/Main.storyboard; sourceTree = "<group>"; };
		BD92CA282866382900756B6B /* Core_Data_Practice.xcdatamodel */ = {isa = PBXFileReference; lastKnownFileType = wrapper.xcdatamodel; path = Core_Data_Practice.xcdatamodel; sourceTree = "<group>"; };
		BD92CA2A2866382B00756B6B /* Assets.xcassets */ = {isa = PBXFileReference; lastKnownFileType = folder.assetcatalog; path = Assets.xcassets; sourceTree = "<group>"; };
		BD92CA2D2866382B00756B6B /* Base */ = {isa = PBXFileReference; lastKnownFileType = file.storyboard; name = Base; path = Base.lproj/LaunchScreen.storyboard; sourceTree = "<group>"; };
		BD92CA2F2866382B00756B6B /* Info.plist */ = {isa = PBXFileReference; lastKnownFileType = text.plist.xml; path = Info.plist; sourceTree = "<group>"; };
		BD92CA342866382B00756B6B /* Core Data PracticeTests.xctest */ = {isa = PBXFileReference; explicitFileType = wrapper.cfbundle; includeInIndex = 0; path = "Core Data PracticeTests.xctest"; sourceTree = BUILT_PRODUCTS_DIR; };
		BD92CA382866382B00756B6B /* Core_Data_PracticeTests.swift */ = {isa = PBXFileReference; lastKnownFileType = sourcecode.swift; path = Core_Data_PracticeTests.swift; sourceTree = "<group>"; };
		BD92CA3E2866382B00756B6B /* Core Data PracticeUITests.xctest */ = {isa = PBXFileReference; explicitFileType = wrapper.cfbundle; includeInIndex = 0; path = "Core Data PracticeUITests.xctest"; sourceTree = BUILT_PRODUCTS_DIR; };
		BD92CA422866382B00756B6B /* Core_Data_PracticeUITests.swift */ = {isa = PBXFileReference; lastKnownFileType = sourcecode.swift; path = Core_Data_PracticeUITests.swift; sourceTree = "<group>"; };
		BD92CA442866382B00756B6B /* Core_Data_PracticeUITestsLaunchTests.swift */ = {isa = PBXFileReference; lastKnownFileType = sourcecode.swift; path = Core_Data_PracticeUITestsLaunchTests.swift; sourceTree = "<group>"; };
/* End PBXFileReference section */

/* Begin PBXFrameworksBuildPhase section */
		BD92CA182866382900756B6B /* Frameworks */ = {
			isa = PBXFrameworksBuildPhase;
			buildActionMask = 2147483647;
			files = (
			);
			runOnlyForDeploymentPostprocessing = 0;
		};
		BD92CA312866382B00756B6B /* Frameworks */ = {
			isa = PBXFrameworksBuildPhase;
			buildActionMask = 2147483647;
			files = (
			);
			runOnlyForDeploymentPostprocessing = 0;
		};
		BD92CA3B2866382B00756B6B /* Frameworks */ = {
			isa = PBXFrameworksBuildPhase;
			buildActionMask = 2147483647;
			files = (
			);
			runOnlyForDeploymentPostprocessing = 0;
		};
/* End PBXFrameworksBuildPhase section */

/* Begin PBXGroup section */
		BD92CA122866382900756B6B = {
			isa = PBXGroup;
			children = (
				BD92CA1D2866382900756B6B /* Core Data Practice */,
				BD92CA372866382B00756B6B /* Core Data PracticeTests */,
				BD92CA412866382B00756B6B /* Core Data PracticeUITests */,
				BD92CA1C2866382900756B6B /* Products */,
			);
			sourceTree = "<group>";
		};
		BD92CA1C2866382900756B6B /* Products */ = {
			isa = PBXGroup;
			children = (
				BD92CA1B2866382900756B6B /* Core Data Practice.app */,
				BD92CA342866382B00756B6B /* Core Data PracticeTests.xctest */,
				BD92CA3E2866382B00756B6B /* Core Data PracticeUITests.xctest */,
			);
			name = Products;
			sourceTree = "<group>";
		};
		BD92CA1D2866382900756B6B /* Core Data Practice */ = {
			isa = PBXGroup;
			children = (
				BD92CA1E2866382900756B6B /* AppDelegate.swift */,
				BD92CA202866382900756B6B /* SceneDelegate.swift */,
				BD92CA222866382900756B6B /* ViewController.swift */,
				BD92CA242866382900756B6B /* Main.storyboard */,
				BD92CA2A2866382B00756B6B /* Assets.xcassets */,
				BD92CA2C2866382B00756B6B /* LaunchScreen.storyboard */,
				BD92CA2F2866382B00756B6B /* Info.plist */,
				BD92CA272866382900756B6B /* Core_Data_Practice.xcdatamodeld */,
			);
			path = "Core Data Practice";
			sourceTree = "<group>";
		};
		BD92CA372866382B00756B6B /* Core Data PracticeTests */ = {
			isa = PBXGroup;
			children = (
				BD92CA382866382B00756B6B /* Core_Data_PracticeTests.swift */,
			);
			path = "Core Data PracticeTests";
			sourceTree = "<group>";
		};
		BD92CA412866382B00756B6B /* Core Data PracticeUITests */ = {
			isa = PBXGroup;
			children = (
				BD92CA422866382B00756B6B /* Core_Data_PracticeUITests.swift */,
				BD92CA442866382B00756B6B /* Core_Data_PracticeUITestsLaunchTests.swift */,
			);
			path = "Core Data PracticeUITests";
			sourceTree = "<group>";
		};
/* End PBXGroup section */

/* Begin PBXNativeTarget section */
		BD92CA1A2866382900756B6B /* Core Data Practice */ = {
			isa = PBXNativeTarget;
			buildConfigurationList = BD92CA482866382B00756B6B /* Build configuration list for PBXNativeTarget "Core Data Practice" */;
			buildPhases = (
				BD92CA172866382900756B6B /* Sources */,
				BD92CA182866382900756B6B /* Frameworks */,
				BD92CA192866382900756B6B /* Resources */,
			);
			buildRules = (
			);
			dependencies = (
			);
			name = "Core Data Practice";
			productName = "Core Data Practice";
			productReference = BD92CA1B2866382900756B6B /* Core Data Practice.app */;
			productType = "com.apple.product-type.application";
		};
		BD92CA332866382B00756B6B /* Core Data PracticeTests */ = {
			isa = PBXNativeTarget;
			buildConfigurationList = BD92CA4B2866382B00756B6B /* Build configuration list for PBXNativeTarget "Core Data PracticeTests" */;
			buildPhases = (
				BD92CA302866382B00756B6B /* Sources */,
				BD92CA312866382B00756B6B /* Frameworks */,
				BD92CA322866382B00756B6B /* Resources */,
			);
			buildRules = (
			);
			dependencies = (
				BD92CA362866382B00756B6B /* PBXTargetDependency */,
			);
			name = "Core Data PracticeTests";
			productName = "Core Data PracticeTests";
			productReference = BD92CA342866382B00756B6B /* Core Data PracticeTests.xctest */;
			productType = "com.apple.product-type.bundle.unit-test";
		};
		BD92CA3D2866382B00756B6B /* Core Data PracticeUITests */ = {
			isa = PBXNativeTarget;
			buildConfigurationList = BD92CA4E2866382B00756B6B /* Build configuration list for PBXNativeTarget "Core Data PracticeUITests" */;
			buildPhases = (
				BD92CA3A2866382B00756B6B /* Sources */,
				BD92CA3B2866382B00756B6B /* Frameworks */,
				BD92CA3C2866382B00756B6B /* Resources */,
			);
			buildRules = (
			);
			dependencies = (
				BD92CA402866382B00756B6B /* PBXTargetDependency */,
			);
			name = "Core Data PracticeUITests";
			productName = "Core Data PracticeUITests";
			productReference = BD92CA3E2866382B00756B6B /* Core Data PracticeUITests.xctest */;
			productType = "com.apple.product-type.bundle.ui-testing";
		};
/* End PBXNativeTarget section */

/* Begin PBXProject section */
		BD92CA132866382900756B6B /* Project object */ = {
			isa = PBXProject;
			attributes = {
				BuildIndependentTargetsInParallel = 1;
				LastSwiftUpdateCheck = 1340;
				LastUpgradeCheck = 1340;
				TargetAttributes = {
					BD92CA1A2866382900756B6B = {
						CreatedOnToolsVersion = 13.4.1;
					};
					BD92CA332866382B00756B6B = {
						CreatedOnToolsVersion = 13.4.1;
						TestTargetID = BD92CA1A2866382900756B6B;
					};
					BD92CA3D2866382B00756B6B = {
						CreatedOnToolsVersion = 13.4.1;
						TestTargetID = BD92CA1A2866382900756B6B;
					};
				};
			};
			buildConfigurationList = BD92CA162866382900756B6B /* Build configuration list for PBXProject "Core Data Practice" */;
			compatibilityVersion = "Xcode 13.0";
			developmentRegion = en;
			hasScannedForEncodings = 0;
			knownRegions = (
				en,
				Base,
			);
			mainGroup = BD92CA122866382900756B6B;
			productRefGroup = BD92CA1C2866382900756B6B /* Products */;
			projectDirPath = "";
			projectRoot = "";
			targets = (
				BD92CA1A2866382900756B6B /* Core Data Practice */,
				BD92CA332866382B00756B6B /* Core Data PracticeTests */,
				BD92CA3D2866382B00756B6B /* Core Data PracticeUITests */,
			);
		};
/* End PBXProject section */

/* Begin PBXResourcesBuildPhase section */
		BD92CA192866382900756B6B /* Resources */ = {
			isa = PBXResourcesBuildPhase;
			buildActionMask = 2147483647;
			files = (
				BD92CA2E2866382B00756B6B /* LaunchScreen.storyboard in Resources */,
				BD92CA2B2866382B00756B6B /* Assets.xcassets in Resources */,
				BD92CA262866382900756B6B /* Main.storyboard in Resources */,
			);
			runOnlyForDeploymentPostprocessing = 0;
		};
		BD92CA322866382B00756B6B /* Resources */ = {
			isa = PBXResourcesBuildPhase;
			buildActionMask = 2147483647;
			files = (
			);
			runOnlyForDeploymentPostprocessing = 0;
		};
		BD92CA3C2866382B00756B6B /* Resources */ = {
			isa = PBXResourcesBuildPhase;
			buildActionMask = 2147483647;
			files = (
			);
			runOnlyForDeploymentPostprocessing = 0;
		};
/* End PBXResourcesBuildPhase section */

/* Begin PBXSourcesBuildPhase section */
		BD92CA172866382900756B6B /* Sources */ = {
			isa = PBXSourcesBuildPhase;
			buildActionMask = 2147483647;
			files = (
				BD92CA232866382900756B6B /* ViewController.swift in Sources */,
				BD92CA1F2866382900756B6B /* AppDelegate.swift in Sources */,
				BD92CA212866382900756B6B /* SceneDelegate.swift in Sources */,
				BD92CA292866382900756B6B /* Core_Data_Practice.xcdatamodeld in Sources */,
			);
			runOnlyForDeploymentPostprocessing = 0;
		};
		BD92CA302866382B00756B6B /* Sources */ = {
			isa = PBXSourcesBuildPhase;
			buildActionMask = 2147483647;
			files = (
				BD92CA392866382B00756B6B /* Core_Data_PracticeTests.swift in Sources */,
			);
			runOnlyForDeploymentPostprocessing = 0;
		};
		BD92CA3A2866382B00756B6B /* Sources */ = {
			isa = PBXSourcesBuildPhase;
			buildActionMask = 2147483647;
			files = (
				BD92CA452866382B00756B6B /* Core_Data_PracticeUITestsLaunchTests.swift in Sources */,
				BD92CA432866382B00756B6B /* Core_Data_PracticeUITests.swift in Sources */,
			);
			runOnlyForDeploymentPostprocessing = 0;
		};
/* End PBXSourcesBuildPhase section */

/* Begin PBXTargetDependency section */
		BD92CA362866382B00756B6B /* PBXTargetDependency */ = {
			isa = PBXTargetDependency;
			target = BD92CA1A2866382900756B6B /* Core Data Practice */;
			targetProxy = BD92CA352866382B00756B6B /* PBXContainerItemProxy */;
		};
		BD92CA402866382B00756B6B /* PBXTargetDependency */ = {
			isa = PBXTargetDependency;
			target = BD92CA1A2866382900756B6B /* Core Data Practice */;
			targetProxy = BD92CA3F2866382B00756B6B /* PBXContainerItemProxy */;
		};
/* End PBXTargetDependency section */

/* Begin PBXVariantGroup section */
		BD92CA242866382900756B6B /* Main.storyboard */ = {
			isa = PBXVariantGroup;
			children = (
				BD92CA252866382900756B6B /* Base */,
			);
			name = Main.storyboard;
			sourceTree = "<group>";
		};
		BD92CA2C2866382B00756B6B /* LaunchScreen.storyboard */ = {
			isa = PBXVariantGroup;
			children = (
				BD92CA2D2866382B00756B6B /* Base */,
			);
			name = LaunchScreen.storyboard;
			sourceTree = "<group>";
		};
/* End PBXVariantGroup section */

/* Begin XCBuildConfiguration section */
		BD92CA462866382B00756B6B /* Debug */ = {
			isa = XCBuildConfiguration;
			buildSettings = {
				ALWAYS_SEARCH_USER_PATHS = NO;
				CLANG_ANALYZER_NONNULL = YES;
				CLANG_ANALYZER_NUMBER_OBJECT_CONVERSION = YES_AGGRESSIVE;
				CLANG_CXX_LANGUAGE_STANDARD = "gnu++17";
				CLANG_ENABLE_MODULES = YES;
				CLANG_ENABLE_OBJC_ARC = YES;
				CLANG_ENABLE_OBJC_WEAK = YES;
				CLANG_WARN_BLOCK_CAPTURE_AUTORELEASING = YES;
				CLANG_WARN_BOOL_CONVERSION = YES;
				CLANG_WARN_COMMA = YES;
				CLANG_WARN_CONSTANT_CONVERSION = YES;
				CLANG_WARN_DEPRECATED_OBJC_IMPLEMENTATIONS = YES;
				CLANG_WARN_DIRECT_OBJC_ISA_USAGE = YES_ERROR;
				CLANG_WARN_DOCUMENTATION_COMMENTS = YES;
				CLANG_WARN_EMPTY_BODY = YES;
				CLANG_WARN_ENUM_CONVERSION = YES;
				CLANG_WARN_INFINITE_RECURSION = YES;
				CLANG_WARN_INT_CONVERSION = YES;
				CLANG_WARN_NON_LITERAL_NULL_CONVERSION = YES;
				CLANG_WARN_OBJC_IMPLICIT_RETAIN_SELF = YES;
				CLANG_WARN_OBJC_LITERAL_CONVERSION = YES;
				CLANG_WARN_OBJC_ROOT_CLASS = YES_ERROR;
				CLANG_WARN_QUOTED_INCLUDE_IN_FRAMEWORK_HEADER = YES;
				CLANG_WARN_RANGE_LOOP_ANALYSIS = YES;
				CLANG_WARN_STRICT_PROTOTYPES = YES;
				CLANG_WARN_SUSPICIOUS_MOVE = YES;
				CLANG_WARN_UNGUARDED_AVAILABILITY = YES_AGGRESSIVE;
				CLANG_WARN_UNREACHABLE_CODE = YES;
				CLANG_WARN__DUPLICATE_METHOD_MATCH = YES;
				COPY_PHASE_STRIP = NO;
				DEBUG_INFORMATION_FORMAT = dwarf;
				ENABLE_STRICT_OBJC_MSGSEND = YES;
				ENABLE_TESTABILITY = YES;
				GCC_C_LANGUAGE_STANDARD = gnu11;
				GCC_DYNAMIC_NO_PIC = NO;
				GCC_NO_COMMON_BLOCKS = YES;
				GCC_OPTIMIZATION_LEVEL = 0;
				GCC_PREPROCESSOR_DEFINITIONS = (
					"DEBUG=1",
					"$(inherited)",
				);
				GCC_WARN_64_TO_32_BIT_CONVERSION = YES;
				GCC_WARN_ABOUT_RETURN_TYPE = YES_ERROR;
				GCC_WARN_UNDECLARED_SELECTOR = YES;
				GCC_WARN_UNINITIALIZED_AUTOS = YES_AGGRESSIVE;
				GCC_WARN_UNUSED_FUNCTION = YES;
				GCC_WARN_UNUSED_VARIABLE = YES;
				IPHONEOS_DEPLOYMENT_TARGET = 15.5;
				MTL_ENABLE_DEBUG_INFO = INCLUDE_SOURCE;
				MTL_FAST_MATH = YES;
				ONLY_ACTIVE_ARCH = YES;
				SDKROOT = iphoneos;
				SWIFT_ACTIVE_COMPILATION_CONDITIONS = DEBUG;
				SWIFT_OPTIMIZATION_LEVEL = "-Onone";
			};
			name = Debug;
		};
		BD92CA472866382B00756B6B /* Release */ = {
			isa = XCBuildConfiguration;
			buildSettings = {
				ALWAYS_SEARCH_USER_PATHS = NO;
				CLANG_ANALYZER_NONNULL = YES;
				CLANG_ANALYZER_NUMBER_OBJECT_CONVERSION = YES_AGGRESSIVE;
				CLANG_CXX_LANGUAGE_STANDARD = "gnu++17";
				CLANG_ENABLE_MODULES = YES;
				CLANG_ENABLE_OBJC_ARC = YES;
				CLANG_ENABLE_OBJC_WEAK = YES;
				CLANG_WARN_BLOCK_CAPTURE_AUTORELEASING = YES;
				CLANG_WARN_BOOL_CONVERSION = YES;
				CLANG_WARN_COMMA = YES;
				CLANG_WARN_CONSTANT_CONVERSION = YES;
				CLANG_WARN_DEPRECATED_OBJC_IMPLEMENTATIONS = YES;
				CLANG_WARN_DIRECT_OBJC_ISA_USAGE = YES_ERROR;
				CLANG_WARN_DOCUMENTATION_COMMENTS = YES;
				CLANG_WARN_EMPTY_BODY = YES;
				CLANG_WARN_ENUM_CONVERSION = YES;
				CLANG_WARN_INFINITE_RECURSION = YES;
				CLANG_WARN_INT_CONVERSION = YES;
				CLANG_WARN_NON_LITERAL_NULL_CONVERSION = YES;
				CLANG_WARN_OBJC_IMPLICIT_RETAIN_SELF = YES;
				CLANG_WARN_OBJC_LITERAL_CONVERSION = YES;
				CLANG_WARN_OBJC_ROOT_CLASS = YES_ERROR;
				CLANG_WARN_QUOTED_INCLUDE_IN_FRAMEWORK_HEADER = YES;
				CLANG_WARN_RANGE_LOOP_ANALYSIS = YES;
				CLANG_WARN_STRICT_PROTOTYPES = YES;
				CLANG_WARN_SUSPICIOUS_MOVE = YES;
				CLANG_WARN_UNGUARDED_AVAILABILITY = YES_AGGRESSIVE;
				CLANG_WARN_UNREACHABLE_CODE = YES;
				CLANG_WARN__DUPLICATE_METHOD_MATCH = YES;
				COPY_PHASE_STRIP = NO;
				DEBUG_INFORMATION_FORMAT = "dwarf-with-dsym";
				ENABLE_NS_ASSERTIONS = NO;
				ENABLE_STRICT_OBJC_MSGSEND = YES;
				GCC_C_LANGUAGE_STANDARD = gnu11;
				GCC_NO_COMMON_BLOCKS = YES;
				GCC_WARN_64_TO_32_BIT_CONVERSION = YES;
				GCC_WARN_ABOUT_RETURN_TYPE = YES_ERROR;
				GCC_WARN_UNDECLARED_SELECTOR = YES;
				GCC_WARN_UNINITIALIZED_AUTOS = YES_AGGRESSIVE;
				GCC_WARN_UNUSED_FUNCTION = YES;
				GCC_WARN_UNUSED_VARIABLE = YES;
				IPHONEOS_DEPLOYMENT_TARGET = 15.5;
				MTL_ENABLE_DEBUG_INFO = NO;
				MTL_FAST_MATH = YES;
				SDKROOT = iphoneos;
				SWIFT_COMPILATION_MODE = wholemodule;
				SWIFT_OPTIMIZATION_LEVEL = "-O";
				VALIDATE_PRODUCT = YES;
			};
			name = Release;
		};
		BD92CA492866382B00756B6B /* Debug */ = {
			isa = XCBuildConfiguration;
			buildSettings = {
				ASSETCATALOG_COMPILER_APPICON_NAME = AppIcon;
				ASSETCATALOG_COMPILER_GLOBAL_ACCENT_COLOR_NAME = AccentColor;
				CODE_SIGN_STYLE = Automatic;
				CURRENT_PROJECT_VERSION = 1;
				GENERATE_INFOPLIST_FILE = YES;
				INFOPLIST_FILE = "Core Data Practice/Info.plist";
				INFOPLIST_KEY_UIApplicationSupportsIndirectInputEvents = YES;
				INFOPLIST_KEY_UILaunchStoryboardName = LaunchScreen;
				INFOPLIST_KEY_UIMainStoryboardFile = Main;
				INFOPLIST_KEY_UISupportedInterfaceOrientations_iPad = "UIInterfaceOrientationPortrait UIInterfaceOrientationPortraitUpsideDown UIInterfaceOrientationLandscapeLeft UIInterfaceOrientationLandscapeRight";
				INFOPLIST_KEY_UISupportedInterfaceOrientations_iPhone = "UIInterfaceOrientationPortrait UIInterfaceOrientationLandscapeLeft UIInterfaceOrientationLandscapeRight";
				LD_RUNPATH_SEARCH_PATHS = (
					"$(inherited)",
					"@executable_path/Frameworks",
				);
				MARKETING_VERSION = 1.0;
				PRODUCT_BUNDLE_IDENTIFIER = "KWK.Core-Data-Practice";
				PRODUCT_NAME = "$(TARGET_NAME)";
				SWIFT_EMIT_LOC_STRINGS = YES;
				SWIFT_VERSION = 5.0;
				TARGETED_DEVICE_FAMILY = "1,2";
			};
			name = Debug;
		};
		BD92CA4A2866382B00756B6B /* Release */ = {
			isa = XCBuildConfiguration;
			buildSettings = {
				ASSETCATALOG_COMPILER_APPICON_NAME = AppIcon;
				ASSETCATALOG_COMPILER_GLOBAL_ACCENT_COLOR_NAME = AccentColor;
				CODE_SIGN_STYLE = Automatic;
				CURRENT_PROJECT_VERSION = 1;
				GENERATE_INFOPLIST_FILE = YES;
				INFOPLIST_FILE = "Core Data Practice/Info.plist";
				INFOPLIST_KEY_UIApplicationSupportsIndirectInputEvents = YES;
				INFOPLIST_KEY_UILaunchStoryboardName = LaunchScreen;
				INFOPLIST_KEY_UIMainStoryboardFile = Main;
				INFOPLIST_KEY_UISupportedInterfaceOrientations_iPad = "UIInterfaceOrientationPortrait UIInterfaceOrientationPortraitUpsideDown UIInterfaceOrientationLandscapeLeft UIInterfaceOrientationLandscapeRight";
				INFOPLIST_KEY_UISupportedInterfaceOrientations_iPhone = "UIInterfaceOrientationPortrait UIInterfaceOrientationLandscapeLeft UIInterfaceOrientationLandscapeRight";
				LD_RUNPATH_SEARCH_PATHS = (
					"$(inherited)",
					"@executable_path/Frameworks",
				);
				MARKETING_VERSION = 1.0;
				PRODUCT_BUNDLE_IDENTIFIER = "KWK.Core-Data-Practice";
				PRODUCT_NAME = "$(TARGET_NAME)";
				SWIFT_EMIT_LOC_STRINGS = YES;
				SWIFT_VERSION = 5.0;
				TARGETED_DEVICE_FAMILY = "1,2";
			};
			name = Release;
		};
		BD92CA4C2866382B00756B6B /* Debug */ = {
			isa = XCBuildConfiguration;
			buildSettings = {
				ALWAYS_EMBED_SWIFT_STANDARD_LIBRARIES = YES;
				BUNDLE_LOADER = "$(TEST_HOST)";
				CODE_SIGN_STYLE = Automatic;
				CURRENT_PROJECT_VERSION = 1;
				GENERATE_INFOPLIST_FILE = YES;
				IPHONEOS_DEPLOYMENT_TARGET = 15.5;
				MARKETING_VERSION = 1.0;
				PRODUCT_BUNDLE_IDENTIFIER = "KWK.Core-Data-PracticeTests";
				PRODUCT_NAME = "$(TARGET_NAME)";
				SWIFT_EMIT_LOC_STRINGS = NO;
				SWIFT_VERSION = 5.0;
				TARGETED_DEVICE_FAMILY = "1,2";
				TEST_HOST = "$(BUILT_PRODUCTS_DIR)/Core Data Practice.app/Core Data Practice";
			};
			name = Debug;
		};
		BD92CA4D2866382B00756B6B /* Release */ = {
			isa = XCBuildConfiguration;
			buildSettings = {
				ALWAYS_EMBED_SWIFT_STANDARD_LIBRARIES = YES;
				BUNDLE_LOADER = "$(TEST_HOST)";
				CODE_SIGN_STYLE = Automatic;
				CURRENT_PROJECT_VERSION = 1;
				GENERATE_INFOPLIST_FILE = YES;
				IPHONEOS_DEPLOYMENT_TARGET = 15.5;
				MARKETING_VERSION = 1.0;
				PRODUCT_BUNDLE_IDENTIFIER = "KWK.Core-Data-PracticeTests";
				PRODUCT_NAME = "$(TARGET_NAME)";
				SWIFT_EMIT_LOC_STRINGS = NO;
				SWIFT_VERSION = 5.0;
				TARGETED_DEVICE_FAMILY = "1,2";
				TEST_HOST = "$(BUILT_PRODUCTS_DIR)/Core Data Practice.app/Core Data Practice";
			};
			name = Release;
		};
		BD92CA4F2866382B00756B6B /* Debug */ = {
			isa = XCBuildConfiguration;
			buildSettings = {
				ALWAYS_EMBED_SWIFT_STANDARD_LIBRARIES = YES;
				CODE_SIGN_STYLE = Automatic;
				CURRENT_PROJECT_VERSION = 1;
				GENERATE_INFOPLIST_FILE = YES;
				MARKETING_VERSION = 1.0;
				PRODUCT_BUNDLE_IDENTIFIER = "KWK.Core-Data-PracticeUITests";
				PRODUCT_NAME = "$(TARGET_NAME)";
				SWIFT_EMIT_LOC_STRINGS = NO;
				SWIFT_VERSION = 5.0;
				TARGETED_DEVICE_FAMILY = "1,2";
				TEST_TARGET_NAME = "Core Data Practice";
			};
			name = Debug;
		};
		BD92CA502866382B00756B6B /* Release */ = {
			isa = XCBuildConfiguration;
			buildSettings = {
				ALWAYS_EMBED_SWIFT_STANDARD_LIBRARIES = YES;
				CODE_SIGN_STYLE = Automatic;
				CURRENT_PROJECT_VERSION = 1;
				GENERATE_INFOPLIST_FILE = YES;
				MARKETING_VERSION = 1.0;
				PRODUCT_BUNDLE_IDENTIFIER = "KWK.Core-Data-PracticeUITests";
				PRODUCT_NAME = "$(TARGET_NAME)";
				SWIFT_EMIT_LOC_STRINGS = NO;
				SWIFT_VERSION = 5.0;
				TARGETED_DEVICE_FAMILY = "1,2";
				TEST_TARGET_NAME = "Core Data Practice";
			};
			name = Release;
		};
/* End XCBuildConfiguration section */

/* Begin XCConfigurationList section */
		BD92CA162866382900756B6B /* Build configuration list for PBXProject "Core Data Practice" */ = {
			isa = XCConfigurationList;
			buildConfigurations = (
				BD92CA462866382B00756B6B /* Debug */,
				BD92CA472866382B00756B6B /* Release */,
			);
			defaultConfigurationIsVisible = 0;
			defaultConfigurationName = Release;
		};
		BD92CA482866382B00756B6B /* Build configuration list for PBXNativeTarget "Core Data Practice" */ = {
			isa = XCConfigurationList;
			buildConfigurations = (
				BD92CA492866382B00756B6B /* Debug */,
				BD92CA4A2866382B00756B6B /* Release */,
			);
			defaultConfigurationIsVisible = 0;
			defaultConfigurationName = Release;
		};
		BD92CA4B2866382B00756B6B /* Build configuration list for PBXNativeTarget "Core Data PracticeTests" */ = {
			isa = XCConfigurationList;
			buildConfigurations = (
				BD92CA4C2866382B00756B6B /* Debug */,
				BD92CA4D2866382B00756B6B /* Release */,
			);
			defaultConfigurationIsVisible = 0;
			defaultConfigurationName = Release;
		};
		BD92CA4E2866382B00756B6B /* Build configuration list for PBXNativeTarget "Core Data PracticeUITests" */ = {
			isa = XCConfigurationList;
			buildConfigurations = (
				BD92CA4F2866382B00756B6B /* Debug */,
				BD92CA502866382B00756B6B /* Release */,
			);
			defaultConfigurationIsVisible = 0;
			defaultConfigurationName = Release;
		};
/* End XCConfigurationList section */

/* Begin XCVersionGroup section */
		BD92CA272866382900756B6B /* Core_Data_Practice.xcdatamodeld */ = {
			isa = XCVersionGroup;
			children = (
				BD92CA282866382900756B6B /* Core_Data_Practice.xcdatamodel */,
			);
			currentVersion = BD92CA282866382900756B6B /* Core_Data_Practice.xcdatamodel */;
			path = Core_Data_Practice.xcdatamodeld;
			sourceTree = "<group>";
			versionGroupType = wrapper.xcdatamodel;
		};
/* End XCVersionGroup section */
	};
	rootObject = BD92CA132866382900756B6B /* Project object */;
}
